
Microsoft Visual Studio Solution File, Format Version 12.00
# Visual Studio Version 16
VisualStudioVersion = 16.0.29411.108
MinimumVisualStudioVersion = 10.0.40219.1
Project("{9A19103F-16F7-4668-BE54-9A1E7A4F7556}") = "LeagueDraft-API", "LeagueDraft-API.csproj", "{08CF3490-EF7C-4D53-ACA5-14325E8ECEF5}"
EndProject
Project("{E53339B2-1760-4266-BCC7-CA923CBCF16C}") = "docker-compose", "docker-compose.dcproj", "{99F963F5-70C0-41C9-A2C0-1BFFB71C9263}"
EndProject
Global
	GlobalSection(SolutionConfigurationPlatforms) = preSolution
		Debug|Any CPU = Debug|Any CPU
		Release|Any CPU = Release|Any CPU
	EndGlobalSection
	GlobalSection(ProjectConfigurationPlatforms) = postSolution
		{08CF3490-EF7C-4D53-ACA5-14325E8ECEF5}.Debug|Any CPU.ActiveCfg = Debug|Any CPU
		{08CF3490-EF7C-4D53-ACA5-14325E8ECEF5}.Debug|Any CPU.Build.0 = Debug|Any CPU
		{08CF3490-EF7C-4D53-ACA5-14325E8ECEF5}.Release|Any CPU.ActiveCfg = Release|Any CPU
		{08CF3490-EF7C-4D53-ACA5-14325E8ECEF5}.Release|Any CPU.Build.0 = Release|Any CPU
		{99F963F5-70C0-41C9-A2C0-1BFFB71C9263}.Debug|Any CPU.ActiveCfg = Debug|Any CPU
		{99F963F5-70C0-41C9-A2C0-1BFFB71C9263}.Debug|Any CPU.Build.0 = Debug|Any CPU
		{99F963F5-70C0-41C9-A2C0-1BFFB71C9263}.Release|Any CPU.ActiveCfg = Release|Any CPU
		{99F963F5-70C0-41C9-A2C0-1BFFB71C9263}.Release|Any CPU.Build.0 = Release|Any CPU
	EndGlobalSection
	GlobalSection(SolutionProperties) = preSolution
		HideSolutionNode = FALSE
	EndGlobalSection
	GlobalSection(ExtensibilityGlobals) = postSolution
		SolutionGuid = {06C32CD7-6E60-45D1-91F4-4D736551FF2D}
	EndGlobalSection
EndGlobal
