
Microsoft Visual Studio Solution File, Format Version 12.00
# Visual Studio Version 16
VisualStudioVersion = 16.0.29411.108
MinimumVisualStudioVersion = 10.0.40219.1
Project("{FAE04EC0-301F-11D3-BF4B-00C04F79EFBC}") = "LeagueDraft-API", "LeagueDraft-API.csproj", "{08CF3490-EF7C-4D53-ACA5-14325E8ECEF5}"
EndProject
Project("{FAE04EC0-301F-11D3-BF4B-00C04F79EFBC}") = "LeagueDraft-API-Tests", "..\LeagueDraft-API-Tests\LeagueDraft-API-Tests.csproj", "{3E8A44D4-6F8E-41B8-81FB-CC7D2BDC0C42}"
EndProject
Global
	GlobalSection(SolutionConfigurationPlatforms) = preSolution
		Debug|Any CPU = Debug|Any CPU
		Release|Any CPU = Release|Any CPU
	EndGlobalSection
	GlobalSection(ProjectConfigurationPlatforms) = postSolution
		{08CF3490-EF7C-4D53-ACA5-14325E8ECEF5}.Debug|Any CPU.ActiveCfg = Debug|Any CPU
		{08CF3490-EF7C-4D53-ACA5-14325E8ECEF5}.Debug|Any CPU.Build.0 = Debug|Any CPU
		{08CF3490-EF7C-4D53-ACA5-14325E8ECEF5}.Release|Any CPU.ActiveCfg = Release|Any CPU
		{08CF3490-EF7C-4D53-ACA5-14325E8ECEF5}.Release|Any CPU.Build.0 = Release|Any CPU
		{3E8A44D4-6F8E-41B8-81FB-CC7D2BDC0C42}.Debug|Any CPU.ActiveCfg = Debug|Any CPU
		{3E8A44D4-6F8E-41B8-81FB-CC7D2BDC0C42}.Debug|Any CPU.Build.0 = Debug|Any CPU
		{3E8A44D4-6F8E-41B8-81FB-CC7D2BDC0C42}.Release|Any CPU.ActiveCfg = Release|Any CPU
		{3E8A44D4-6F8E-41B8-81FB-CC7D2BDC0C42}.Release|Any CPU.Build.0 = Release|Any CPU
	EndGlobalSection
	GlobalSection(SolutionProperties) = preSolution
		HideSolutionNode = FALSE
	EndGlobalSection
	GlobalSection(ExtensibilityGlobals) = postSolution
		SolutionGuid = {06C32CD7-6E60-45D1-91F4-4D736551FF2D}
	EndGlobalSection
EndGlobal
